// !$*UTF8*$!
{
	archiveVersion = 1;
	classes = {
	};
	objectVersion = 50;
	objects = {

/* Begin PBXBuildFile section */
		157BB91B236361FE00CD47F2 /* AppDelegate.swift in Sources */ = {isa = PBXBuildFile; fileRef = 157BB91A236361FE00CD47F2 /* AppDelegate.swift */; };
		157BB91D236361FE00CD47F2 /* ViewController.swift in Sources */ = {isa = PBXBuildFile; fileRef = 157BB91C236361FE00CD47F2 /* ViewController.swift */; };
		157BB920236361FE00CD47F2 /* Main.storyboard in Resources */ = {isa = PBXBuildFile; fileRef = 157BB91E236361FE00CD47F2 /* Main.storyboard */; };
		157BB9222363620000CD47F2 /* Assets.xcassets in Resources */ = {isa = PBXBuildFile; fileRef = 157BB9212363620000CD47F2 /* Assets.xcassets */; };
		157BB9252363620000CD47F2 /* LaunchScreen.storyboard in Resources */ = {isa = PBXBuildFile; fileRef = 157BB9232363620000CD47F2 /* LaunchScreen.storyboard */; };
		157BB9302363620000CD47F2 /* NIBM_AppTests.swift in Sources */ = {isa = PBXBuildFile; fileRef = 157BB92F2363620000CD47F2 /* NIBM_AppTests.swift */; };
		157BB93B2363620000CD47F2 /* NIBM_AppUITests.swift in Sources */ = {isa = PBXBuildFile; fileRef = 157BB93A2363620000CD47F2 /* NIBM_AppUITests.swift */; };
		157BB9492363627100CD47F2 /* GoogleService-Info-5.plist in Resources */ = {isa = PBXBuildFile; fileRef = 157BB9482363627100CD47F2 /* GoogleService-Info-5.plist */; };
/* End PBXBuildFile section */

/* Begin PBXContainerItemProxy section */
		157BB92C2363620000CD47F2 /* PBXContainerItemProxy */ = {
			isa = PBXContainerItemProxy;
			containerPortal = 157BB90F236361FE00CD47F2 /* Project object */;
			proxyType = 1;
			remoteGlobalIDString = 157BB916236361FE00CD47F2;
			remoteInfo = "NIBM-App";
		};
		157BB9372363620000CD47F2 /* PBXContainerItemProxy */ = {
			isa = PBXContainerItemProxy;
			containerPortal = 157BB90F236361FE00CD47F2 /* Project object */;
			proxyType = 1;
			remoteGlobalIDString = 157BB916236361FE00CD47F2;
			remoteInfo = "NIBM-App";
		};
/* End PBXContainerItemProxy section */

/* Begin PBXFileReference section */
		157BB917236361FE00CD47F2 /* NIBM-App.app */ = {isa = PBXFileReference; explicitFileType = wrapper.application; includeInIndex = 0; path = "NIBM-App.app"; sourceTree = BUILT_PRODUCTS_DIR; };
		157BB91A236361FE00CD47F2 /* AppDelegate.swift */ = {isa = PBXFileReference; lastKnownFileType = sourcecode.swift; path = AppDelegate.swift; sourceTree = "<group>"; };
		157BB91C236361FE00CD47F2 /* ViewController.swift */ = {isa = PBXFileReference; lastKnownFileType = sourcecode.swift; path = ViewController.swift; sourceTree = "<group>"; };
		157BB91F236361FE00CD47F2 /* Base */ = {isa = PBXFileReference; lastKnownFileType = file.storyboard; name = Base; path = Base.lproj/Main.storyboard; sourceTree = "<group>"; };
		157BB9212363620000CD47F2 /* Assets.xcassets */ = {isa = PBXFileReference; lastKnownFileType = folder.assetcatalog; path = Assets.xcassets; sourceTree = "<group>"; };
		157BB9242363620000CD47F2 /* Base */ = {isa = PBXFileReference; lastKnownFileType = file.storyboard; name = Base; path = Base.lproj/LaunchScreen.storyboard; sourceTree = "<group>"; };
		157BB9262363620000CD47F2 /* Info.plist */ = {isa = PBXFileReference; lastKnownFileType = text.plist.xml; path = Info.plist; sourceTree = "<group>"; };
		157BB92B2363620000CD47F2 /* NIBM-AppTests.xctest */ = {isa = PBXFileReference; explicitFileType = wrapper.cfbundle; includeInIndex = 0; path = "NIBM-AppTests.xctest"; sourceTree = BUILT_PRODUCTS_DIR; };
		157BB92F2363620000CD47F2 /* NIBM_AppTests.swift */ = {isa = PBXFileReference; lastKnownFileType = sourcecode.swift; path = NIBM_AppTests.swift; sourceTree = "<group>"; };
		157BB9312363620000CD47F2 /* Info.plist */ = {isa = PBXFileReference; lastKnownFileType = text.plist.xml; path = Info.plist; sourceTree = "<group>"; };
		157BB9362363620000CD47F2 /* NIBM-AppUITests.xctest */ = {isa = PBXFileReference; explicitFileType = wrapper.cfbundle; includeInIndex = 0; path = "NIBM-AppUITests.xctest"; sourceTree = BUILT_PRODUCTS_DIR; };
		157BB93A2363620000CD47F2 /* NIBM_AppUITests.swift */ = {isa = PBXFileReference; lastKnownFileType = sourcecode.swift; path = NIBM_AppUITests.swift; sourceTree = "<group>"; };
		157BB93C2363620000CD47F2 /* Info.plist */ = {isa = PBXFileReference; lastKnownFileType = text.plist.xml; path = Info.plist; sourceTree = "<group>"; };
		157BB9482363627100CD47F2 /* GoogleService-Info-5.plist */ = {isa = PBXFileReference; fileEncoding = 4; lastKnownFileType = text.plist.xml; path = "GoogleService-Info-5.plist"; sourceTree = "<group>"; };
/* End PBXFileReference section */

/* Begin PBXFrameworksBuildPhase section */
		157BB914236361FE00CD47F2 /* Frameworks */ = {
			isa = PBXFrameworksBuildPhase;
			buildActionMask = 2147483647;
			files = (
			);
			runOnlyForDeploymentPostprocessing = 0;
		};
		157BB9282363620000CD47F2 /* Frameworks */ = {
			isa = PBXFrameworksBuildPhase;
			buildActionMask = 2147483647;
			files = (
			);
			runOnlyForDeploymentPostprocessing = 0;
		};
		157BB9332363620000CD47F2 /* Frameworks */ = {
			isa = PBXFrameworksBuildPhase;
			buildActionMask = 2147483647;
			files = (
			);
			runOnlyForDeploymentPostprocessing = 0;
		};
/* End PBXFrameworksBuildPhase section */

/* Begin PBXGroup section */
		157BB90E236361FE00CD47F2 = {
			isa = PBXGroup;
			children = (
				157BB919236361FE00CD47F2 /* NIBM-App */,
				157BB92E2363620000CD47F2 /* NIBM-AppTests */,
				157BB9392363620000CD47F2 /* NIBM-AppUITests */,
				157BB918236361FE00CD47F2 /* Products */,
			);
			sourceTree = "<group>";
		};
		157BB918236361FE00CD47F2 /* Products */ = {
			isa = PBXGroup;
			children = (
				157BB917236361FE00CD47F2 /* NIBM-App.app */,
				157BB92B2363620000CD47F2 /* NIBM-AppTests.xctest */,
				157BB9362363620000CD47F2 /* NIBM-AppUITests.xctest */,
			);
			name = Products;
			sourceTree = "<group>";
		};
		157BB919236361FE00CD47F2 /* NIBM-App */ = {
			isa = PBXGroup;
			children = (
				157BB91A236361FE00CD47F2 /* AppDelegate.swift */,
				157BB91C236361FE00CD47F2 /* ViewController.swift */,
				157BB9482363627100CD47F2 /* GoogleService-Info-5.plist */,
				157BB91E236361FE00CD47F2 /* Main.storyboard */,
				157BB9212363620000CD47F2 /* Assets.xcassets */,
				157BB9232363620000CD47F2 /* LaunchScreen.storyboard */,
				157BB9262363620000CD47F2 /* Info.plist */,
			);
			path = "NIBM-App";
			sourceTree = "<group>";
		};
		157BB92E2363620000CD47F2 /* NIBM-AppTests */ = {
			isa = PBXGroup;
			children = (
				157BB92F2363620000CD47F2 /* NIBM_AppTests.swift */,
				157BB9312363620000CD47F2 /* Info.plist */,
			);
			path = "NIBM-AppTests";
			sourceTree = "<group>";
		};
		157BB9392363620000CD47F2 /* NIBM-AppUITests */ = {
			isa = PBXGroup;
			children = (
				157BB93A2363620000CD47F2 /* NIBM_AppUITests.swift */,
				157BB93C2363620000CD47F2 /* Info.plist */,
			);
			path = "NIBM-AppUITests";
			sourceTree = "<group>";
		};
/* End PBXGroup section */

/* Begin PBXNativeTarget section */
		157BB916236361FE00CD47F2 /* NIBM-App */ = {
			isa = PBXNativeTarget;
			buildConfigurationList = 157BB93F2363620000CD47F2 /* Build configuration list for PBXNativeTarget "NIBM-App" */;
			buildPhases = (
				157BB913236361FE00CD47F2 /* Sources */,
				157BB914236361FE00CD47F2 /* Frameworks */,
				157BB915236361FE00CD47F2 /* Resources */,
			);
			buildRules = (
			);
			dependencies = (
			);
			name = "NIBM-App";
			productName = "NIBM-App";
			productReference = 157BB917236361FE00CD47F2 /* NIBM-App.app */;
			productType = "com.apple.product-type.application";
		};
		157BB92A2363620000CD47F2 /* NIBM-AppTests */ = {
			isa = PBXNativeTarget;
			buildConfigurationList = 157BB9422363620000CD47F2 /* Build configuration list for PBXNativeTarget "NIBM-AppTests" */;
			buildPhases = (
				157BB9272363620000CD47F2 /* Sources */,
				157BB9282363620000CD47F2 /* Frameworks */,
				157BB9292363620000CD47F2 /* Resources */,
			);
			buildRules = (
			);
			dependencies = (
				157BB92D2363620000CD47F2 /* PBXTargetDependency */,
			);
			name = "NIBM-AppTests";
			productName = "NIBM-AppTests";
			productReference = 157BB92B2363620000CD47F2 /* NIBM-AppTests.xctest */;
			productType = "com.apple.product-type.bundle.unit-test";
		};
		157BB9352363620000CD47F2 /* NIBM-AppUITests */ = {
			isa = PBXNativeTarget;
			buildConfigurationList = 157BB9452363620000CD47F2 /* Build configuration list for PBXNativeTarget "NIBM-AppUITests" */;
			buildPhases = (
				157BB9322363620000CD47F2 /* Sources */,
				157BB9332363620000CD47F2 /* Frameworks */,
				157BB9342363620000CD47F2 /* Resources */,
			);
			buildRules = (
			);
			dependencies = (
				157BB9382363620000CD47F2 /* PBXTargetDependency */,
			);
			name = "NIBM-AppUITests";
			productName = "NIBM-AppUITests";
			productReference = 157BB9362363620000CD47F2 /* NIBM-AppUITests.xctest */;
			productType = "com.apple.product-type.bundle.ui-testing";
		};
/* End PBXNativeTarget section */

/* Begin PBXProject section */
		157BB90F236361FE00CD47F2 /* Project object */ = {
			isa = PBXProject;
			attributes = {
				LastSwiftUpdateCheck = 1020;
				LastUpgradeCheck = 1020;
				ORGANIZATIONNAME = "Bagya Hennayake";
				TargetAttributes = {
					157BB916236361FE00CD47F2 = {
						CreatedOnToolsVersion = 10.2.1;
					};
					157BB92A2363620000CD47F2 = {
						CreatedOnToolsVersion = 10.2.1;
						TestTargetID = 157BB916236361FE00CD47F2;
					};
					157BB9352363620000CD47F2 = {
						CreatedOnToolsVersion = 10.2.1;
						TestTargetID = 157BB916236361FE00CD47F2;
					};
				};
			};
			buildConfigurationList = 157BB912236361FE00CD47F2 /* Build configuration list for PBXProject "NIBM-App" */;
			compatibilityVersion = "Xcode 9.3";
			developmentRegion = en;
			hasScannedForEncodings = 0;
			knownRegions = (
				en,
				Base,
			);
			mainGroup = 157BB90E236361FE00CD47F2;
			productRefGroup = 157BB918236361FE00CD47F2 /* Products */;
			projectDirPath = "";
			projectRoot = "";
			targets = (
				157BB916236361FE00CD47F2 /* NIBM-App */,
				157BB92A2363620000CD47F2 /* NIBM-AppTests */,
				157BB9352363620000CD47F2 /* NIBM-AppUITests */,
			);
		};
/* End PBXProject section */

/* Begin PBXResourcesBuildPhase section */
		157BB915236361FE00CD47F2 /* Resources */ = {
			isa = PBXResourcesBuildPhase;
			buildActionMask = 2147483647;
			files = (
				157BB9252363620000CD47F2 /* LaunchScreen.storyboard in Resources */,
				157BB9492363627100CD47F2 /* GoogleService-Info-5.plist in Resources */,
				157BB9222363620000CD47F2 /* Assets.xcassets in Resources */,
				157BB920236361FE00CD47F2 /* Main.storyboard in Resources */,
			);
			runOnlyForDeploymentPostprocessing = 0;
		};
		157BB9292363620000CD47F2 /* Resources */ = {
			isa = PBXResourcesBuildPhase;
			buildActionMask = 2147483647;
			files = (
			);
			runOnlyForDeploymentPostprocessing = 0;
		};
		157BB9342363620000CD47F2 /* Resources */ = {
			isa = PBXResourcesBuildPhase;
			buildActionMask = 2147483647;
			files = (
			);
			runOnlyForDeploymentPostprocessing = 0;
		};
/* End PBXResourcesBuildPhase section */

/* Begin PBXSourcesBuildPhase section */
		157BB913236361FE00CD47F2 /* Sources */ = {
			isa = PBXSourcesBuildPhase;
			buildActionMask = 2147483647;
			files = (
				157BB91D236361FE00CD47F2 /* ViewController.swift in Sources */,
				157BB91B236361FE00CD47F2 /* AppDelegate.swift in Sources */,
			);
			runOnlyForDeploymentPostprocessing = 0;
		};
		157BB9272363620000CD47F2 /* Sources */ = {
			isa = PBXSourcesBuildPhase;
			buildActionMask = 2147483647;
			files = (
				157BB9302363620000CD47F2 /* NIBM_AppTests.swift in Sources */,
			);
			runOnlyForDeploymentPostprocessing = 0;
		};
		157BB9322363620000CD47F2 /* Sources */ = {
			isa = PBXSourcesBuildPhase;
			buildActionMask = 2147483647;
			files = (
				157BB93B2363620000CD47F2 /* NIBM_AppUITests.swift in Sources */,
			);
			runOnlyForDeploymentPostprocessing = 0;
		};
/* End PBXSourcesBuildPhase section */

/* Begin PBXTargetDependency section */
		157BB92D2363620000CD47F2 /* PBXTargetDependency */ = {
			isa = PBXTargetDependency;
			target = 157BB916236361FE00CD47F2 /* NIBM-App */;
			targetProxy = 157BB92C2363620000CD47F2 /* PBXContainerItemProxy */;
		};
		157BB9382363620000CD47F2 /* PBXTargetDependency */ = {
			isa = PBXTargetDependency;
			target = 157BB916236361FE00CD47F2 /* NIBM-App */;
			targetProxy = 157BB9372363620000CD47F2 /* PBXContainerItemProxy */;
		};
/* End PBXTargetDependency section */

/* Begin PBXVariantGroup section */
		157BB91E236361FE00CD47F2 /* Main.storyboard */ = {
			isa = PBXVariantGroup;
			children = (
				157BB91F236361FE00CD47F2 /* Base */,
			);
			name = Main.storyboard;
			sourceTree = "<group>";
		};
		157BB9232363620000CD47F2 /* LaunchScreen.storyboard */ = {
			isa = PBXVariantGroup;
			children = (
				157BB9242363620000CD47F2 /* Base */,
			);
			name = LaunchScreen.storyboard;
			sourceTree = "<group>";
		};
/* End PBXVariantGroup section */

/* Begin XCBuildConfiguration section */
		157BB93D2363620000CD47F2 /* Debug */ = {
			isa = XCBuildConfiguration;
			buildSettings = {
				ALWAYS_SEARCH_USER_PATHS = NO;
				CLANG_ANALYZER_NONNULL = YES;
				CLANG_ANALYZER_NUMBER_OBJECT_CONVERSION = YES_AGGRESSIVE;
				CLANG_CXX_LANGUAGE_STANDARD = "gnu++14";
				CLANG_CXX_LIBRARY = "libc++";
				CLANG_ENABLE_MODULES = YES;
				CLANG_ENABLE_OBJC_ARC = YES;
				CLANG_ENABLE_OBJC_WEAK = YES;
				CLANG_WARN_BLOCK_CAPTURE_AUTORELEASING = YES;
				CLANG_WARN_BOOL_CONVERSION = YES;
				CLANG_WARN_COMMA = YES;
				CLANG_WARN_CONSTANT_CONVERSION = YES;
				CLANG_WARN_DEPRECATED_OBJC_IMPLEMENTATIONS = YES;
				CLANG_WARN_DIRECT_OBJC_ISA_USAGE = YES_ERROR;
				CLANG_WARN_DOCUMENTATION_COMMENTS = YES;
				CLANG_WARN_EMPTY_BODY = YES;
				CLANG_WARN_ENUM_CONVERSION = YES;
				CLANG_WARN_INFINITE_RECURSION = YES;
				CLANG_WARN_INT_CONVERSION = YES;
				CLANG_WARN_NON_LITERAL_NULL_CONVERSION = YES;
				CLANG_WARN_OBJC_IMPLICIT_RETAIN_SELF = YES;
				CLANG_WARN_OBJC_LITERAL_CONVERSION = YES;
				CLANG_WARN_OBJC_ROOT_CLASS = YES_ERROR;
				CLANG_WARN_RANGE_LOOP_ANALYSIS = YES;
				CLANG_WARN_STRICT_PROTOTYPES = YES;
				CLANG_WARN_SUSPICIOUS_MOVE = YES;
				CLANG_WARN_UNGUARDED_AVAILABILITY = YES_AGGRESSIVE;
				CLANG_WARN_UNREACHABLE_CODE = YES;
				CLANG_WARN__DUPLICATE_METHOD_MATCH = YES;
				CODE_SIGN_IDENTITY = "iPhone Developer";
				COPY_PHASE_STRIP = NO;
				DEBUG_INFORMATION_FORMAT = dwarf;
				ENABLE_STRICT_OBJC_MSGSEND = YES;
				ENABLE_TESTABILITY = YES;
				GCC_C_LANGUAGE_STANDARD = gnu11;
				GCC_DYNAMIC_NO_PIC = NO;
				GCC_NO_COMMON_BLOCKS = YES;
				GCC_OPTIMIZATION_LEVEL = 0;
				GCC_PREPROCESSOR_DEFINITIONS = (
					"DEBUG=1",
					"$(inherited)",
				);
				GCC_WARN_64_TO_32_BIT_CONVERSION = YES;
				GCC_WARN_ABOUT_RETURN_TYPE = YES_ERROR;
				GCC_WARN_UNDECLARED_SELECTOR = YES;
				GCC_WARN_UNINITIALIZED_AUTOS = YES_AGGRESSIVE;
				GCC_WARN_UNUSED_FUNCTION = YES;
				GCC_WARN_UNUSED_VARIABLE = YES;
				IPHONEOS_DEPLOYMENT_TARGET = 12.2;
				MTL_ENABLE_DEBUG_INFO = INCLUDE_SOURCE;
				MTL_FAST_MATH = YES;
				ONLY_ACTIVE_ARCH = YES;
				SDKROOT = iphoneos;
				SWIFT_ACTIVE_COMPILATION_CONDITIONS = DEBUG;
				SWIFT_OPTIMIZATION_LEVEL = "-Onone";
			};
			name = Debug;
		};
		157BB93E2363620000CD47F2 /* Release */ = {
			isa = XCBuildConfiguration;
			buildSettings = {
				ALWAYS_SEARCH_USER_PATHS = NO;
				CLANG_ANALYZER_NONNULL = YES;
				CLANG_ANALYZER_NUMBER_OBJECT_CONVERSION = YES_AGGRESSIVE;
				CLANG_CXX_LANGUAGE_STANDARD = "gnu++14";
				CLANG_CXX_LIBRARY = "libc++";
				CLANG_ENABLE_MODULES = YES;
				CLANG_ENABLE_OBJC_ARC = YES;
				CLANG_ENABLE_OBJC_WEAK = YES;
				CLANG_WARN_BLOCK_CAPTURE_AUTORELEASING = YES;
				CLANG_WARN_BOOL_CONVERSION = YES;
				CLANG_WARN_COMMA = YES;
				CLANG_WARN_CONSTANT_CONVERSION = YES;
				CLANG_WARN_DEPRECATED_OBJC_IMPLEMENTATIONS = YES;
				CLANG_WARN_DIRECT_OBJC_ISA_USAGE = YES_ERROR;
				CLANG_WARN_DOCUMENTATION_COMMENTS = YES;
				CLANG_WARN_EMPTY_BODY = YES;
				CLANG_WARN_ENUM_CONVERSION = YES;
				CLANG_WARN_INFINITE_RECURSION = YES;
				CLANG_WARN_INT_CONVERSION = YES;
				CLANG_WARN_NON_LITERAL_NULL_CONVERSION = YES;
				CLANG_WARN_OBJC_IMPLICIT_RETAIN_SELF = YES;
				CLANG_WARN_OBJC_LITERAL_CONVERSION = YES;
				CLANG_WARN_OBJC_ROOT_CLASS = YES_ERROR;
				CLANG_WARN_RANGE_LOOP_ANALYSIS = YES;
				CLANG_WARN_STRICT_PROTOTYPES = YES;
				CLANG_WARN_SUSPICIOUS_MOVE = YES;
				CLANG_WARN_UNGUARDED_AVAILABILITY = YES_AGGRESSIVE;
				CLANG_WARN_UNREACHABLE_CODE = YES;
				CLANG_WARN__DUPLICATE_METHOD_MATCH = YES;
				CODE_SIGN_IDENTITY = "iPhone Developer";
				COPY_PHASE_STRIP = NO;
				DEBUG_INFORMATION_FORMAT = "dwarf-with-dsym";
				ENABLE_NS_ASSERTIONS = NO;
				ENABLE_STRICT_OBJC_MSGSEND = YES;
				GCC_C_LANGUAGE_STANDARD = gnu11;
				GCC_NO_COMMON_BLOCKS = YES;
				GCC_WARN_64_TO_32_BIT_CONVERSION = YES;
				GCC_WARN_ABOUT_RETURN_TYPE = YES_ERROR;
				GCC_WARN_UNDECLARED_SELECTOR = YES;
				GCC_WARN_UNINITIALIZED_AUTOS = YES_AGGRESSIVE;
				GCC_WARN_UNUSED_FUNCTION = YES;
				GCC_WARN_UNUSED_VARIABLE = YES;
				IPHONEOS_DEPLOYMENT_TARGET = 12.2;
				MTL_ENABLE_DEBUG_INFO = NO;
				MTL_FAST_MATH = YES;
				SDKROOT = iphoneos;
				SWIFT_COMPILATION_MODE = wholemodule;
				SWIFT_OPTIMIZATION_LEVEL = "-O";
				VALIDATE_PRODUCT = YES;
			};
			name = Release;
		};
		157BB9402363620000CD47F2 /* Debug */ = {
			isa = XCBuildConfiguration;
			buildSettings = {
				ASSETCATALOG_COMPILER_APPICON_NAME = AppIcon;
				CODE_SIGN_STYLE = Automatic;
				DEVELOPMENT_TEAM = RKYYC66AUR;
				INFOPLIST_FILE = "NIBM-App/Info.plist";
				LD_RUNPATH_SEARCH_PATHS = (
					"$(inherited)",
					"@executable_path/Frameworks",
				);
				PRODUCT_BUNDLE_IDENTIFIER = "bagya.NIBM-App";
				PRODUCT_NAME = "$(TARGET_NAME)";
				SWIFT_VERSION = 5.0;
				TARGETED_DEVICE_FAMILY = "1,2";
			};
			name = Debug;
		};
		157BB9412363620000CD47F2 /* Release */ = {
			isa = XCBuildConfiguration;
			buildSettings = {
				ASSETCATALOG_COMPILER_APPICON_NAME = AppIcon;
				CODE_SIGN_STYLE = Automatic;
				DEVELOPMENT_TEAM = RKYYC66AUR;
				INFOPLIST_FILE = "NIBM-App/Info.plist";
				LD_RUNPATH_SEARCH_PATHS = (
					"$(inherited)",
					"@executable_path/Frameworks",
				);
				PRODUCT_BUNDLE_IDENTIFIER = "bagya.NIBM-App";
				PRODUCT_NAME = "$(TARGET_NAME)";
				SWIFT_VERSION = 5.0;
				TARGETED_DEVICE_FAMILY = "1,2";
			};
			name = Release;
		};
		157BB9432363620000CD47F2 /* Debug */ = {
			isa = XCBuildConfiguration;
			buildSettings = {
				ALWAYS_EMBED_SWIFT_STANDARD_LIBRARIES = YES;
				BUNDLE_LOADER = "$(TEST_HOST)";
				CODE_SIGN_STYLE = Automatic;
				DEVELOPMENT_TEAM = RKYYC66AUR;
				INFOPLIST_FILE = "NIBM-AppTests/Info.plist";
				LD_RUNPATH_SEARCH_PATHS = (
					"$(inherited)",
					"@executable_path/Frameworks",
					"@loader_path/Frameworks",
				);
				PRODUCT_BUNDLE_IDENTIFIER = "bagya.NIBM-AppTests";
				PRODUCT_NAME = "$(TARGET_NAME)";
				SWIFT_VERSION = 5.0;
				TARGETED_DEVICE_FAMILY = "1,2";
				TEST_HOST = "$(BUILT_PRODUCTS_DIR)/NIBM-App.app/NIBM-App";
			};
			name = Debug;
		};
		157BB9442363620000CD47F2 /* Release */ = {
			isa = XCBuildConfiguration;
			buildSettings = {
				ALWAYS_EMBED_SWIFT_STANDARD_LIBRARIES = YES;
				BUNDLE_LOADER = "$(TEST_HOST)";
				CODE_SIGN_STYLE = Automatic;
				DEVELOPMENT_TEAM = RKYYC66AUR;
				INFOPLIST_FILE = "NIBM-AppTests/Info.plist";
				LD_RUNPATH_SEARCH_PATHS = (
					"$(inherited)",
					"@executable_path/Frameworks",
					"@loader_path/Frameworks",
				);
				PRODUCT_BUNDLE_IDENTIFIER = "bagya.NIBM-AppTests";
				PRODUCT_NAME = "$(TARGET_NAME)";
				SWIFT_VERSION = 5.0;
				TARGETED_DEVICE_FAMILY = "1,2";
				TEST_HOST = "$(BUILT_PRODUCTS_DIR)/NIBM-App.app/NIBM-App";
			};
			name = Release;
		};
		157BB9462363620000CD47F2 /* Debug */ = {
			isa = XCBuildConfiguration;
			buildSettings = {
				ALWAYS_EMBED_SWIFT_STANDARD_LIBRARIES = YES;
				CODE_SIGN_STYLE = Automatic;
				DEVELOPMENT_TEAM = RKYYC66AUR;
				INFOPLIST_FILE = "NIBM-AppUITests/Info.plist";
				LD_RUNPATH_SEARCH_PATHS = (
					"$(inherited)",
					"@executable_path/Frameworks",
					"@loader_path/Frameworks",
				);
				PRODUCT_BUNDLE_IDENTIFIER = "bagya.NIBM-AppUITests";
				PRODUCT_NAME = "$(TARGET_NAME)";
				SWIFT_VERSION = 5.0;
				TARGETED_DEVICE_FAMILY = "1,2";
				TEST_TARGET_NAME = "NIBM-App";
			};
			name = Debug;
		};
		157BB9472363620000CD47F2 /* Release */ = {
			isa = XCBuildConfiguration;
			buildSettings = {
				ALWAYS_EMBED_SWIFT_STANDARD_LIBRARIES = YES;
				CODE_SIGN_STYLE = Automatic;
				DEVELOPMENT_TEAM = RKYYC66AUR;
				INFOPLIST_FILE = "NIBM-AppUITests/Info.plist";
				LD_RUNPATH_SEARCH_PATHS = (
					"$(inherited)",
					"@executable_path/Frameworks",
					"@loader_path/Frameworks",
				);
				PRODUCT_BUNDLE_IDENTIFIER = "bagya.NIBM-AppUITests";
				PRODUCT_NAME = "$(TARGET_NAME)";
				SWIFT_VERSION = 5.0;
				TARGETED_DEVICE_FAMILY = "1,2";
				TEST_TARGET_NAME = "NIBM-App";
			};
			name = Release;
		};
/* End XCBuildConfiguration section */

/* Begin XCConfigurationList section */
		157BB912236361FE00CD47F2 /* Build configuration list for PBXProject "NIBM-App" */ = {
			isa = XCConfigurationList;
			buildConfigurations = (
				157BB93D2363620000CD47F2 /* Debug */,
				157BB93E2363620000CD47F2 /* Release */,
			);
			defaultConfigurationIsVisible = 0;
			defaultConfigurationName = Release;
		};
		157BB93F2363620000CD47F2 /* Build configuration list for PBXNativeTarget "NIBM-App" */ = {
			isa = XCConfigurationList;
			buildConfigurations = (
				157BB9402363620000CD47F2 /* Debug */,
				157BB9412363620000CD47F2 /* Release */,
			);
			defaultConfigurationIsVisible = 0;
			defaultConfigurationName = Release;
		};
		157BB9422363620000CD47F2 /* Build configuration list for PBXNativeTarget "NIBM-AppTests" */ = {
			isa = XCConfigurationList;
			buildConfigurations = (
				157BB9432363620000CD47F2 /* Debug */,
				157BB9442363620000CD47F2 /* Release */,
			);
			defaultConfigurationIsVisible = 0;
			defaultConfigurationName = Release;
		};
		157BB9452363620000CD47F2 /* Build configuration list for PBXNativeTarget "NIBM-AppUITests" */ = {
			isa = XCConfigurationList;
			buildConfigurations = (
				157BB9462363620000CD47F2 /* Debug */,
				157BB9472363620000CD47F2 /* Release */,
			);
			defaultConfigurationIsVisible = 0;
			defaultConfigurationName = Release;
		};
/* End XCConfigurationList section */
	};
	rootObject = 157BB90F236361FE00CD47F2 /* Project object */;
}
